// !$*UTF8*$!
{
	archiveVersion = 1;
	classes = {
	};
	objectVersion = 50;
	objects = {

/* Begin PBXBuildFile section */
		01029FE22420BD2700ECDDF9 /* AppDelegate.swift in Sources */ = {isa = PBXBuildFile; fileRef = 01029FE12420BD2700ECDDF9 /* AppDelegate.swift */; };
		01029FE42420BD2700ECDDF9 /* SceneDelegate.swift in Sources */ = {isa = PBXBuildFile; fileRef = 01029FE32420BD2700ECDDF9 /* SceneDelegate.swift */; };
		01029FE62420BD2700ECDDF9 /* ViewController.swift in Sources */ = {isa = PBXBuildFile; fileRef = 01029FE52420BD2700ECDDF9 /* ViewController.swift */; };
		01029FE92420BD2700ECDDF9 /* Main.storyboard in Resources */ = {isa = PBXBuildFile; fileRef = 01029FE72420BD2700ECDDF9 /* Main.storyboard */; };
		01029FEB2420BD2A00ECDDF9 /* Assets.xcassets in Resources */ = {isa = PBXBuildFile; fileRef = 01029FEA2420BD2A00ECDDF9 /* Assets.xcassets */; };
		01029FEE2420BD2A00ECDDF9 /* LaunchScreen.storyboard in Resources */ = {isa = PBXBuildFile; fileRef = 01029FEC2420BD2A00ECDDF9 /* LaunchScreen.storyboard */; };
/* End PBXBuildFile section */

/* Begin PBXFileReference section */
		01029FDE2420BD2700ECDDF9 /* 1090317_UILabel.app */ = {isa = PBXFileReference; explicitFileType = wrapper.application; includeInIndex = 0; path = 1090317_UILabel.app; sourceTree = BUILT_PRODUCTS_DIR; };
		01029FE12420BD2700ECDDF9 /* AppDelegate.swift */ = {isa = PBXFileReference; lastKnownFileType = sourcecode.swift; path = AppDelegate.swift; sourceTree = "<group>"; };
		01029FE32420BD2700ECDDF9 /* SceneDelegate.swift */ = {isa = PBXFileReference; lastKnownFileType = sourcecode.swift; path = SceneDelegate.swift; sourceTree = "<group>"; };
		01029FE52420BD2700ECDDF9 /* ViewController.swift */ = {isa = PBXFileReference; lastKnownFileType = sourcecode.swift; path = ViewController.swift; sourceTree = "<group>"; };
		01029FE82420BD2700ECDDF9 /* Base */ = {isa = PBXFileReference; lastKnownFileType = file.storyboard; name = Base; path = Base.lproj/Main.storyboard; sourceTree = "<group>"; };
		01029FEA2420BD2A00ECDDF9 /* Assets.xcassets */ = {isa = PBXFileReference; lastKnownFileType = folder.assetcatalog; path = Assets.xcassets; sourceTree = "<group>"; };
		01029FED2420BD2A00ECDDF9 /* Base */ = {isa = PBXFileReference; lastKnownFileType = file.storyboard; name = Base; path = Base.lproj/LaunchScreen.storyboard; sourceTree = "<group>"; };
		01029FEF2420BD2A00ECDDF9 /* Info.plist */ = {isa = PBXFileReference; lastKnownFileType = text.plist.xml; path = Info.plist; sourceTree = "<group>"; };
/* End PBXFileReference section */

/* Begin PBXFrameworksBuildPhase section */
		01029FDB2420BD2700ECDDF9 /* Frameworks */ = {
			isa = PBXFrameworksBuildPhase;
			buildActionMask = 2147483647;
			files = (
			);
			runOnlyForDeploymentPostprocessing = 0;
		};
/* End PBXFrameworksBuildPhase section */

/* Begin PBXGroup section */
		01029FD52420BD2700ECDDF9 = {
			isa = PBXGroup;
			children = (
				01029FE02420BD2700ECDDF9 /* 1090317_UILabel */,
				01029FDF2420BD2700ECDDF9 /* Products */,
			);
			sourceTree = "<group>";
		};
		01029FDF2420BD2700ECDDF9 /* Products */ = {
			isa = PBXGroup;
			children = (
				01029FDE2420BD2700ECDDF9 /* 1090317_UILabel.app */,
			);
			name = Products;
			sourceTree = "<group>";
		};
		01029FE02420BD2700ECDDF9 /* 1090317_UILabel */ = {
			isa = PBXGroup;
			children = (
				01029FE12420BD2700ECDDF9 /* AppDelegate.swift */,
				01029FE32420BD2700ECDDF9 /* SceneDelegate.swift */,
				01029FE52420BD2700ECDDF9 /* ViewController.swift */,
				01029FE72420BD2700ECDDF9 /* Main.storyboard */,
				01029FEA2420BD2A00ECDDF9 /* Assets.xcassets */,
				01029FEC2420BD2A00ECDDF9 /* LaunchScreen.storyboard */,
				01029FEF2420BD2A00ECDDF9 /* Info.plist */,
			);
			path = 1090317_UILabel;
			sourceTree = "<group>";
		};
/* End PBXGroup section */

/* Begin PBXNativeTarget section */
		01029FDD2420BD2700ECDDF9 /* 1090317_UILabel */ = {
			isa = PBXNativeTarget;
			buildConfigurationList = 01029FF22420BD2A00ECDDF9 /* Build configuration list for PBXNativeTarget "1090317_UILabel" */;
			buildPhases = (
				01029FDA2420BD2700ECDDF9 /* Sources */,
				01029FDB2420BD2700ECDDF9 /* Frameworks */,
				01029FDC2420BD2700ECDDF9 /* Resources */,
			);
			buildRules = (
			);
			dependencies = (
			);
			name = 1090317_UILabel;
			productName = 1090317_UILabel;
			productReference = 01029FDE2420BD2700ECDDF9 /* 1090317_UILabel.app */;
			productType = "com.apple.product-type.application";
		};
/* End PBXNativeTarget section */

/* Begin PBXProject section */
		01029FD62420BD2700ECDDF9 /* Project object */ = {
			isa = PBXProject;
			attributes = {
				LastSwiftUpdateCheck = 1130;
				LastUpgradeCheck = 1130;
				ORGANIZATIONNAME = NewIdea;
				TargetAttributes = {
					01029FDD2420BD2700ECDDF9 = {
						CreatedOnToolsVersion = 11.3.1;
					};
				};
			};
			buildConfigurationList = 01029FD92420BD2700ECDDF9 /* Build configuration list for PBXProject "1090317_UILabel" */;
			compatibilityVersion = "Xcode 9.3";
			developmentRegion = en;
			hasScannedForEncodings = 0;
			knownRegions = (
				en,
				Base,
			);
			mainGroup = 01029FD52420BD2700ECDDF9;
			productRefGroup = 01029FDF2420BD2700ECDDF9 /* Products */;
			projectDirPath = "";
			projectRoot = "";
			targets = (
				01029FDD2420BD2700ECDDF9 /* 1090317_UILabel */,
			);
		};
/* End PBXProject section */

/* Begin PBXResourcesBuildPhase section */
		01029FDC2420BD2700ECDDF9 /* Resources */ = {
			isa = PBXResourcesBuildPhase;
			buildActionMask = 2147483647;
			files = (
				01029FEE2420BD2A00ECDDF9 /* LaunchScreen.storyboard in Resources */,
				01029FEB2420BD2A00ECDDF9 /* Assets.xcassets in Resources */,
				01029FE92420BD2700ECDDF9 /* Main.storyboard in Resources */,
			);
			runOnlyForDeploymentPostprocessing = 0;
		};
/* End PBXResourcesBuildPhase section */

/* Begin PBXSourcesBuildPhase section */
		01029FDA2420BD2700ECDDF9 /* Sources */ = {
			isa = PBXSourcesBuildPhase;
			buildActionMask = 2147483647;
			files = (
				01029FE62420BD2700ECDDF9 /* ViewController.swift in Sources */,
				01029FE22420BD2700ECDDF9 /* AppDelegate.swift in Sources */,
				01029FE42420BD2700ECDDF9 /* SceneDelegate.swift in Sources */,
			);
			runOnlyForDeploymentPostprocessing = 0;
		};
/* End PBXSourcesBuildPhase section */

/* Begin PBXVariantGroup section */
		01029FE72420BD2700ECDDF9 /* Main.storyboard */ = {
			isa = PBXVariantGroup;
			children = (
				01029FE82420BD2700ECDDF9 /* Base */,
			);
			name = Main.storyboard;
			sourceTree = "<group>";
		};
		01029FEC2420BD2A00ECDDF9 /* LaunchScreen.storyboard */ = {
			isa = PBXVariantGroup;
			children = (
				01029FED2420BD2A00ECDDF9 /* Base */,
			);
			name = LaunchScreen.storyboard;
			sourceTree = "<group>";
		};
/* End PBXVariantGroup section */

/* Begin XCBuildConfiguration section */
		01029FF02420BD2A00ECDDF9 /* Debug */ = {
			isa = XCBuildConfiguration;
			buildSettings = {
				ALWAYS_SEARCH_USER_PATHS = NO;
				CLANG_ANALYZER_NONNULL = YES;
				CLANG_ANALYZER_NUMBER_OBJECT_CONVERSION = YES_AGGRESSIVE;
				CLANG_CXX_LANGUAGE_STANDARD = "gnu++14";
				CLANG_CXX_LIBRARY = "libc++";
				CLANG_ENABLE_MODULES = YES;
				CLANG_ENABLE_OBJC_ARC = YES;
				CLANG_ENABLE_OBJC_WEAK = YES;
				CLANG_WARN_BLOCK_CAPTURE_AUTORELEASING = YES;
				CLANG_WARN_BOOL_CONVERSION = YES;
				CLANG_WARN_COMMA = YES;
				CLANG_WARN_CONSTANT_CONVERSION = YES;
				CLANG_WARN_DEPRECATED_OBJC_IMPLEMENTATIONS = YES;
				CLANG_WARN_DIRECT_OBJC_ISA_USAGE = YES_ERROR;
				CLANG_WARN_DOCUMENTATION_COMMENTS = YES;
				CLANG_WARN_EMPTY_BODY = YES;
				CLANG_WARN_ENUM_CONVERSION = YES;
				CLANG_WARN_INFINITE_RECURSION = YES;
				CLANG_WARN_INT_CONVERSION = YES;
				CLANG_WARN_NON_LITERAL_NULL_CONVERSION = YES;
				CLANG_WARN_OBJC_IMPLICIT_RETAIN_SELF = YES;
				CLANG_WARN_OBJC_LITERAL_CONVERSION = YES;
				CLANG_WARN_OBJC_ROOT_CLASS = YES_ERROR;
				CLANG_WARN_RANGE_LOOP_ANALYSIS = YES;
				CLANG_WARN_STRICT_PROTOTYPES = YES;
				CLANG_WARN_SUSPICIOUS_MOVE = YES;
				CLANG_WARN_UNGUARDED_AVAILABILITY = YES_AGGRESSIVE;
				CLANG_WARN_UNREACHABLE_CODE = YES;
				CLANG_WARN__DUPLICATE_METHOD_MATCH = YES;
				COPY_PHASE_STRIP = NO;
				DEBUG_INFORMATION_FORMAT = dwarf;
				ENABLE_STRICT_OBJC_MSGSEND = YES;
				ENABLE_TESTABILITY = YES;
				GCC_C_LANGUAGE_STANDARD = gnu11;
				GCC_DYNAMIC_NO_PIC = NO;
				GCC_NO_COMMON_BLOCKS = YES;
				GCC_OPTIMIZATION_LEVEL = 0;
				GCC_PREPROCESSOR_DEFINITIONS = (
					"DEBUG=1",
					"$(inherited)",
				);
				GCC_WARN_64_TO_32_BIT_CONVERSION = YES;
				GCC_WARN_ABOUT_RETURN_TYPE = YES_ERROR;
				GCC_WARN_UNDECLARED_SELECTOR = YES;
				GCC_WARN_UNINITIALIZED_AUTOS = YES_AGGRESSIVE;
				GCC_WARN_UNUSED_FUNCTION = YES;
				GCC_WARN_UNUSED_VARIABLE = YES;
				IPHONEOS_DEPLOYMENT_TARGET = 13.2;
				MTL_ENABLE_DEBUG_INFO = INCLUDE_SOURCE;
				MTL_FAST_MATH = YES;
				ONLY_ACTIVE_ARCH = YES;
				SDKROOT = iphoneos;
				SWIFT_ACTIVE_COMPILATION_CONDITIONS = DEBUG;
				SWIFT_OPTIMIZATION_LEVEL = "-Onone";
			};
			name = Debug;
		};
		01029FF12420BD2A00ECDDF9 /* Release */ = {
			isa = XCBuildConfiguration;
			buildSettings = {
				ALWAYS_SEARCH_USER_PATHS = NO;
				CLANG_ANALYZER_NONNULL = YES;
				CLANG_ANALYZER_NUMBER_OBJECT_CONVERSION = YES_AGGRESSIVE;
				CLANG_CXX_LANGUAGE_STANDARD = "gnu++14";
				CLANG_CXX_LIBRARY = "libc++";
				CLANG_ENABLE_MODULES = YES;
				CLANG_ENABLE_OBJC_ARC = YES;
				CLANG_ENABLE_OBJC_WEAK = YES;
				CLANG_WARN_BLOCK_CAPTURE_AUTORELEASING = YES;
				CLANG_WARN_BOOL_CONVERSION = YES;
				CLANG_WARN_COMMA = YES;
				CLANG_WARN_CONSTANT_CONVERSION = YES;
				CLANG_WARN_DEPRECATED_OBJC_IMPLEMENTATIONS = YES;
				CLANG_WARN_DIRECT_OBJC_ISA_USAGE = YES_ERROR;
				CLANG_WARN_DOCUMENTATION_COMMENTS = YES;
				CLANG_WARN_EMPTY_BODY = YES;
				CLANG_WARN_ENUM_CONVERSION = YES;
				CLANG_WARN_INFINITE_RECURSION = YES;
				CLANG_WARN_INT_CONVERSION = YES;
				CLANG_WARN_NON_LITERAL_NULL_CONVERSION = YES;
				CLANG_WARN_OBJC_IMPLICIT_RETAIN_SELF = YES;
				CLANG_WARN_OBJC_LITERAL_CONVERSION = YES;
				CLANG_WARN_OBJC_ROOT_CLASS = YES_ERROR;
				CLANG_WARN_RANGE_LOOP_ANALYSIS = YES;
				CLANG_WARN_STRICT_PROTOTYPES = YES;
				CLANG_WARN_SUSPICIOUS_MOVE = YES;
				CLANG_WARN_UNGUARDED_AVAILABILITY = YES_AGGRESSIVE;
				CLANG_WARN_UNREACHABLE_CODE = YES;
				CLANG_WARN__DUPLICATE_METHOD_MATCH = YES;
				COPY_PHASE_STRIP = NO;
				DEBUG_INFORMATION_FORMAT = "dwarf-with-dsym";
				ENABLE_NS_ASSERTIONS = NO;
				ENABLE_STRICT_OBJC_MSGSEND = YES;
				GCC_C_LANGUAGE_STANDARD = gnu11;
				GCC_NO_COMMON_BLOCKS = YES;
				GCC_WARN_64_TO_32_BIT_CONVERSION = YES;
				GCC_WARN_ABOUT_RETURN_TYPE = YES_ERROR;
				GCC_WARN_UNDECLARED_SELECTOR = YES;
				GCC_WARN_UNINITIALIZED_AUTOS = YES_AGGRESSIVE;
				GCC_WARN_UNUSED_FUNCTION = YES;
				GCC_WARN_UNUSED_VARIABLE = YES;
				IPHONEOS_DEPLOYMENT_TARGET = 13.2;
				MTL_ENABLE_DEBUG_INFO = NO;
				MTL_FAST_MATH = YES;
				SDKROOT = iphoneos;
				SWIFT_COMPILATION_MODE = wholemodule;
				SWIFT_OPTIMIZATION_LEVEL = "-O";
				VALIDATE_PRODUCT = YES;
			};
			name = Release;
		};
		01029FF32420BD2A00ECDDF9 /* Debug */ = {
			isa = XCBuildConfiguration;
			buildSettings = {
				ASSETCATALOG_COMPILER_APPICON_NAME = AppIcon;
				CODE_SIGN_STYLE = Automatic;
				DEVELOPMENT_TEAM = C39BVS447M;
				INFOPLIST_FILE = 1090317_UILabel/Info.plist;
				LD_RUNPATH_SEARCH_PATHS = (
					"$(inherited)",
					"@executable_path/Frameworks",
				);
				PRODUCT_BUNDLE_IDENTIFIER = "com.NewIdea.-090317-UILabel";
				PRODUCT_NAME = "$(TARGET_NAME)";
				SWIFT_VERSION = 5.0;
				TARGETED_DEVICE_FAMILY = "1,2";
			};
			name = Debug;
		};
		01029FF42420BD2A00ECDDF9 /* Release */ = {
			isa = XCBuildConfiguration;
			buildSettings = {
				ASSETCATALOG_COMPILER_APPICON_NAME = AppIcon;
				CODE_SIGN_STYLE = Automatic;
				DEVELOPMENT_TEAM = C39BVS447M;
				INFOPLIST_FILE = 1090317_UILabel/Info.plist;
				LD_RUNPATH_SEARCH_PATHS = (
					"$(inherited)",
					"@executable_path/Frameworks",
				);
				PRODUCT_BUNDLE_IDENTIFIER = "com.NewIdea.-090317-UILabel";
				PRODUCT_NAME = "$(TARGET_NAME)";
				SWIFT_VERSION = 5.0;
				TARGETED_DEVICE_FAMILY = "1,2";
			};
			name = Release;
		};
/* End XCBuildConfiguration section */

/* Begin XCConfigurationList section */
		01029FD92420BD2700ECDDF9 /* Build configuration list for PBXProject "1090317_UILabel" */ = {
			isa = XCConfigurationList;
			buildConfigurations = (
				01029FF02420BD2A00ECDDF9 /* Debug */,
				01029FF12420BD2A00ECDDF9 /* Release */,
			);
			defaultConfigurationIsVisible = 0;
			defaultConfigurationName = Release;
		};
		01029FF22420BD2A00ECDDF9 /* Build configuration list for PBXNativeTarget "1090317_UILabel" */ = {
			isa = XCConfigurationList;
			buildConfigurations = (
				01029FF32420BD2A00ECDDF9 /* Debug */,
				01029FF42420BD2A00ECDDF9 /* Release */,
			);
			defaultConfigurationIsVisible = 0;
			defaultConfigurationName = Release;
		};
/* End XCConfigurationList section */
	};
	rootObject = 01029FD62420BD2700ECDDF9 /* Project object */;
}
